
Microsoft Visual Studio Solution File, Format Version 12.00
# Visual Studio Version 17
VisualStudioVersion = 17.5.002.0
MinimumVisualStudioVersion = 10.0.40219.1
Project("{2150E333-8FDC-42A3-9474-1A3956D46DE8}") = "Sintaxe e Tipos de Dados em C#", "Sintaxe e Tipos de Dados em C#", "{F8675297-B266-4EAB-B2FA-7A7C3288FEB4}"
EndProject
Project("{9A19103F-16F7-4668-BE54-9A1E7A4F7556}") = "formacao_dotnet_DIO", "Sintaxe e Tipos de Dados em C#\Sintaxe e Indentação\formacao_dotnet_DIO.csproj", "{4633F077-C487-4BA4-B38E-B0528B32CB75}"
EndProject
Project("{9A19103F-16F7-4668-BE54-9A1E7A4F7556}") = "Tipos de Dados", "Sintaxe e Tipos de Dados em C#\Tipos de Dados\Tipos de Dados.csproj", "{1E0A99F1-59EA-4890-9F6E-A3DD38EC3884}"
EndProject
Global
	GlobalSection(SolutionConfigurationPlatforms) = preSolution
		Debug|Any CPU = Debug|Any CPU
		Release|Any CPU = Release|Any CPU
	EndGlobalSection
	GlobalSection(ProjectConfigurationPlatforms) = postSolution
		{4633F077-C487-4BA4-B38E-B0528B32CB75}.Debug|Any CPU.ActiveCfg = Debug|Any CPU
		{4633F077-C487-4BA4-B38E-B0528B32CB75}.Debug|Any CPU.Build.0 = Debug|Any CPU
		{4633F077-C487-4BA4-B38E-B0528B32CB75}.Release|Any CPU.ActiveCfg = Release|Any CPU
		{4633F077-C487-4BA4-B38E-B0528B32CB75}.Release|Any CPU.Build.0 = Release|Any CPU
		{1E0A99F1-59EA-4890-9F6E-A3DD38EC3884}.Debug|Any CPU.ActiveCfg = Debug|Any CPU
		{1E0A99F1-59EA-4890-9F6E-A3DD38EC3884}.Debug|Any CPU.Build.0 = Debug|Any CPU
		{1E0A99F1-59EA-4890-9F6E-A3DD38EC3884}.Release|Any CPU.ActiveCfg = Release|Any CPU
		{1E0A99F1-59EA-4890-9F6E-A3DD38EC3884}.Release|Any CPU.Build.0 = Release|Any CPU
	EndGlobalSection
	GlobalSection(SolutionProperties) = preSolution
		HideSolutionNode = FALSE
	EndGlobalSection
	GlobalSection(NestedProjects) = preSolution
		{4633F077-C487-4BA4-B38E-B0528B32CB75} = {F8675297-B266-4EAB-B2FA-7A7C3288FEB4}
		{1E0A99F1-59EA-4890-9F6E-A3DD38EC3884} = {F8675297-B266-4EAB-B2FA-7A7C3288FEB4}
	EndGlobalSection
	GlobalSection(ExtensibilityGlobals) = postSolution
		SolutionGuid = {8B8D9391-664A-43EC-B909-D17A12691B06}
	EndGlobalSection
EndGlobal
